Microsoft Visual Studio Solution File, Format Version 11.00
# Visual Studio 2008

Project("{5FB833D2-0EF9-F935-96F4-117A81523536}") = "invoke", "Assembly-CSharp.csproj", "{981FB7B2-5FC1-9BA0-4BC3-2CAC525883DA}"
EndProject
Global
	GlobalSection(SolutionConfigurationPlatforms) = preSolution
		Debug|Any CPU = Debug|Any CPU
		Release|Any CPU = Release|Any CPU
	EndGlobalSection
	GlobalSection(ProjectConfigurationPlatforms) = postSolution
		{981FB7B2-5FC1-9BA0-4BC3-2CAC525883DA}.Debug|Any CPU.ActiveCfg = Debug|Any CPU
		{981FB7B2-5FC1-9BA0-4BC3-2CAC525883DA}.Debug|Any CPU.Build.0 = Debug|Any CPU
		{981FB7B2-5FC1-9BA0-4BC3-2CAC525883DA}.Release|Any CPU.ActiveCfg = Release|Any CPU
		{981FB7B2-5FC1-9BA0-4BC3-2CAC525883DA}.Release|Any CPU.Build.0 = Release|Any CPU
	EndGlobalSection
	GlobalSection(SolutionProperties) = preSolution
		HideSolutionNode = FALSE
	EndGlobalSection
	GlobalSection(MonoDevelopProperties) = preSolution
		StartupItem = Assembly-CSharp.csproj
	EndGlobalSection
EndGlobal
