
Microsoft Visual Studio Solution File, Format Version 12.00
# Visual Studio 2015
Project("{FAE04EC0-301F-11D3-BF4B-00C04F79EFBC}") = "3d1.CSharp", "3d1.CSharp.csproj", "{7CF066F1-C53A-5555-E0FD-849B90E39078}"
EndProject
Global
	GlobalSection(SolutionConfigurationPlatforms) = preSolution
		Debug|Any CPU = Debug|Any CPU
		Release|Any CPU = Release|Any CPU
	EndGlobalSection
	GlobalSection(ProjectConfigurationPlatforms) = postSolution
		{7CF066F1-C53A-5555-E0FD-849B90E39078}.Debug|Any CPU.ActiveCfg = Debug|Any CPU
		{7CF066F1-C53A-5555-E0FD-849B90E39078}.Debug|Any CPU.Build.0 = Debug|Any CPU
		{7CF066F1-C53A-5555-E0FD-849B90E39078}.Release|Any CPU.ActiveCfg = Release|Any CPU
		{7CF066F1-C53A-5555-E0FD-849B90E39078}.Release|Any CPU.Build.0 = Release|Any CPU
	EndGlobalSection
	GlobalSection(SolutionProperties) = preSolution
		HideSolutionNode = FALSE
	EndGlobalSection
EndGlobal
